
Microsoft Visual Studio Solution File, Format Version 12.00
# Visual Studio Version 16
VisualStudioVersion = 16.0.29503.13
MinimumVisualStudioVersion = 10.0.40219.1
Project("{FAE04EC0-301F-11D3-BF4B-00C04F79EFBC}") = "PolynomialInterpolation", "PolynomialInterpolation\PolynomialInterpolation.csproj", "{4AD62FA2-B23E-4F74-A5C6-F6E1D26644C9}"
EndProject
Global
	GlobalSection(SolutionConfigurationPlatforms) = preSolution
		Debug|Any CPU = Debug|Any CPU
		Release|Any CPU = Release|Any CPU
	EndGlobalSection
	GlobalSection(ProjectConfigurationPlatforms) = postSolution
		{4AD62FA2-B23E-4F74-A5C6-F6E1D26644C9}.Debug|Any CPU.ActiveCfg = Debug|Any CPU
		{4AD62FA2-B23E-4F74-A5C6-F6E1D26644C9}.Debug|Any CPU.Build.0 = Debug|Any CPU
		{4AD62FA2-B23E-4F74-A5C6-F6E1D26644C9}.Release|Any CPU.ActiveCfg = Release|Any CPU
		{4AD62FA2-B23E-4F74-A5C6-F6E1D26644C9}.Release|Any CPU.Build.0 = Release|Any CPU
	EndGlobalSection
	GlobalSection(SolutionProperties) = preSolution
		HideSolutionNode = FALSE
	EndGlobalSection
	GlobalSection(ExtensibilityGlobals) = postSolution
		SolutionGuid = {A0736B5C-B81D-4D28-9FD3-6317969DCE4C}
	EndGlobalSection
EndGlobal
